Microsoft Visual Studio Solution File, Format Version 12.00
# Visual Studio Version 17
VisualStudioVersion = 17.5.2.0
MinimumVisualStudioVersion = 10.0.40219.1
Project("{2150E333-8FDC-42A3-9474-1A3956D46DE8}") = "Week01", "Week01", "{D4176A17-D7E5-9C19-FD5F-8803B1692ECF}"
EndProject
Project("{FAE04EC0-301F-11D3-BF4B-00C04F79EFBC}") = "Odev1", "Week01\Odev1\Odev1.csproj", "{462E65BF-7E0D-9F0F-87B1-EDCF2F53B36D}"
EndProject
Global
	GlobalSection(SolutionConfigurationPlatforms) = preSolution
		Debug|Any CPU = Debug|Any CPU
		Release|Any CPU = Release|Any CPU
	EndGlobalSection
	GlobalSection(ProjectConfigurationPlatforms) = postSolution
		{462E65BF-7E0D-9F0F-87B1-EDCF2F53B36D}.Debug|Any CPU.ActiveCfg = Debug|Any CPU
		{462E65BF-7E0D-9F0F-87B1-EDCF2F53B36D}.Debug|Any CPU.Build.0 = Debug|Any CPU
		{462E65BF-7E0D-9F0F-87B1-EDCF2F53B36D}.Release|Any CPU.ActiveCfg = Release|Any CPU
		{462E65BF-7E0D-9F0F-87B1-EDCF2F53B36D}.Release|Any CPU.Build.0 = Release|Any CPU
	EndGlobalSection
	GlobalSection(SolutionProperties) = preSolution
		HideSolutionNode = FALSE
	EndGlobalSection
	GlobalSection(NestedProjects) = preSolution
		{462E65BF-7E0D-9F0F-87B1-EDCF2F53B36D} = {D4176A17-D7E5-9C19-FD5F-8803B1692ECF}
	EndGlobalSection
	GlobalSection(ExtensibilityGlobals) = postSolution
		SolutionGuid = {6709CD50-362C-4333-BC6D-F4461C1F534B}
	EndGlobalSection
EndGlobal
